
Microsoft Visual Studio Solution File, Format Version 12.00
# Visual Studio Version 17
VisualStudioVersion = 17.1.32328.378
MinimumVisualStudioVersion = 10.0.40219.1
Project("{FAE04EC0-301F-11D3-BF4B-00C04F79EFBC}") = "FileIO_Learning_Programs", "FileIO_Learning_Programs.csproj", "{634EED11-15A6-4C84-925E-327CD1F6A447}"
EndProject
Global
	GlobalSection(SolutionConfigurationPlatforms) = preSolution
		Debug|Any CPU = Debug|Any CPU
		Release|Any CPU = Release|Any CPU
	EndGlobalSection
	GlobalSection(ProjectConfigurationPlatforms) = postSolution
		{634EED11-15A6-4C84-925E-327CD1F6A447}.Debug|Any CPU.ActiveCfg = Debug|Any CPU
		{634EED11-15A6-4C84-925E-327CD1F6A447}.Debug|Any CPU.Build.0 = Debug|Any CPU
		{634EED11-15A6-4C84-925E-327CD1F6A447}.Release|Any CPU.ActiveCfg = Release|Any CPU
		{634EED11-15A6-4C84-925E-327CD1F6A447}.Release|Any CPU.Build.0 = Release|Any CPU
	EndGlobalSection
	GlobalSection(SolutionProperties) = preSolution
		HideSolutionNode = FALSE
	EndGlobalSection
	GlobalSection(ExtensibilityGlobals) = postSolution
		SolutionGuid = {FE36FFF4-2D31-402F-A217-1EF2BD81384C}
	EndGlobalSection
EndGlobal
